
Microsoft Visual Studio Solution File, Format Version 12.00
# Visual Studio Version 17
VisualStudioVersion = 17.2.32516.85
MinimumVisualStudioVersion = 10.0.40219.1
Project("{2150E333-8FDC-42A3-9474-1A3956D46DE8}") = "Source", "Source", "{9007903D-BE17-4EFB-8B47-BFBE907412B0}"
EndProject
Project("{2150E333-8FDC-42A3-9474-1A3956D46DE8}") = "Test", "Test", "{6F71E81A-642F-4047-B94A-B3C450508664}"
EndProject
Project("{2150E333-8FDC-42A3-9474-1A3956D46DE8}") = "Docs", "Docs", "{64002A63-D53B-4C2D-A1D9-38BB36C4979E}"
EndProject
Project("{2150E333-8FDC-42A3-9474-1A3956D46DE8}") = "Core", "Core", "{96880378-23A0-4C0A-AB3F-2B560C63694A}"
EndProject
Project("{2150E333-8FDC-42A3-9474-1A3956D46DE8}") = "Persistence", "Persistence", "{5C72F2FE-830A-4C63-8F08-2E6B996CE897}"
EndProject
Project("{2150E333-8FDC-42A3-9474-1A3956D46DE8}") = "Presentation", "Presentation", "{8235FE53-7AC9-4392-9C59-F6776BABB5B5}"
EndProject
Project("{2150E333-8FDC-42A3-9474-1A3956D46DE8}") = "Infra", "Infra", "{5BBD4E7D-C249-4177-ABC2-FA0E3D67475A}"
EndProject
Project("{2150E333-8FDC-42A3-9474-1A3956D46DE8}") = "Common", "Common", "{1881CDFF-1805-4B8F-A1CD-20B8BD719ED6}"
EndProject
Project("{9A19103F-16F7-4668-BE54-9A1E7A4F7556}") = "TB.Shared", "TB.Shared\TB.Shared.csproj", "{F81E06DC-E838-49B4-B893-7F4BCA107EA4}"
EndProject
Project("{9A19103F-16F7-4668-BE54-9A1E7A4F7556}") = "TB.Domain", "TB.Domain\TB.Domain.csproj", "{80CA77C7-5DC4-498F-8C2F-11336DEFCB04}"
EndProject
Project("{9A19103F-16F7-4668-BE54-9A1E7A4F7556}") = "TB.Application", "TB.Application\TB.Application.csproj", "{736D1DFD-2FE4-44BF-951B-DE50916C1E01}"
EndProject
Project("{9A19103F-16F7-4668-BE54-9A1E7A4F7556}") = "TB.Infrastructure", "TB.Infrastructure\TB.Infrastructure.csproj", "{26E7B06C-8EBF-4C66-B015-CB1331D2AAE2}"
EndProject
Project("{9A19103F-16F7-4668-BE54-9A1E7A4F7556}") = "TB.Persistence", "TB.Persistence\TB.Persistence.csproj", "{5DBEE978-837A-4062-A54E-27EAA5FB3601}"
EndProject
Project("{9A19103F-16F7-4668-BE54-9A1E7A4F7556}") = "TB.UI", "TB.UI\TB.UI.csproj", "{C9484011-6D6C-4DBA-B40C-8E9DB7782C5C}"
EndProject
Project("{9A19103F-16F7-4668-BE54-9A1E7A4F7556}") = "TB.WebApi", "TB.WebApi\TB.WebApi.csproj", "{0A6C2D3F-F19C-4E7D-AAA7-CFB5D74EE7FE}"
EndProject
Global
	GlobalSection(SolutionConfigurationPlatforms) = preSolution
		Debug|Any CPU = Debug|Any CPU
		Release|Any CPU = Release|Any CPU
	EndGlobalSection
	GlobalSection(ProjectConfigurationPlatforms) = postSolution
		{F81E06DC-E838-49B4-B893-7F4BCA107EA4}.Debug|Any CPU.ActiveCfg = Debug|Any CPU
		{F81E06DC-E838-49B4-B893-7F4BCA107EA4}.Debug|Any CPU.Build.0 = Debug|Any CPU
		{F81E06DC-E838-49B4-B893-7F4BCA107EA4}.Release|Any CPU.ActiveCfg = Release|Any CPU
		{F81E06DC-E838-49B4-B893-7F4BCA107EA4}.Release|Any CPU.Build.0 = Release|Any CPU
		{80CA77C7-5DC4-498F-8C2F-11336DEFCB04}.Debug|Any CPU.ActiveCfg = Debug|Any CPU
		{80CA77C7-5DC4-498F-8C2F-11336DEFCB04}.Debug|Any CPU.Build.0 = Debug|Any CPU
		{80CA77C7-5DC4-498F-8C2F-11336DEFCB04}.Release|Any CPU.ActiveCfg = Release|Any CPU
		{80CA77C7-5DC4-498F-8C2F-11336DEFCB04}.Release|Any CPU.Build.0 = Release|Any CPU
		{736D1DFD-2FE4-44BF-951B-DE50916C1E01}.Debug|Any CPU.ActiveCfg = Debug|Any CPU
		{736D1DFD-2FE4-44BF-951B-DE50916C1E01}.Debug|Any CPU.Build.0 = Debug|Any CPU
		{736D1DFD-2FE4-44BF-951B-DE50916C1E01}.Release|Any CPU.ActiveCfg = Release|Any CPU
		{736D1DFD-2FE4-44BF-951B-DE50916C1E01}.Release|Any CPU.Build.0 = Release|Any CPU
		{26E7B06C-8EBF-4C66-B015-CB1331D2AAE2}.Debug|Any CPU.ActiveCfg = Debug|Any CPU
		{26E7B06C-8EBF-4C66-B015-CB1331D2AAE2}.Debug|Any CPU.Build.0 = Debug|Any CPU
		{26E7B06C-8EBF-4C66-B015-CB1331D2AAE2}.Release|Any CPU.ActiveCfg = Release|Any CPU
		{26E7B06C-8EBF-4C66-B015-CB1331D2AAE2}.Release|Any CPU.Build.0 = Release|Any CPU
		{5DBEE978-837A-4062-A54E-27EAA5FB3601}.Debug|Any CPU.ActiveCfg = Debug|Any CPU
		{5DBEE978-837A-4062-A54E-27EAA5FB3601}.Debug|Any CPU.Build.0 = Debug|Any CPU
		{5DBEE978-837A-4062-A54E-27EAA5FB3601}.Release|Any CPU.ActiveCfg = Release|Any CPU
		{5DBEE978-837A-4062-A54E-27EAA5FB3601}.Release|Any CPU.Build.0 = Release|Any CPU
		{C9484011-6D6C-4DBA-B40C-8E9DB7782C5C}.Debug|Any CPU.ActiveCfg = Debug|Any CPU
		{C9484011-6D6C-4DBA-B40C-8E9DB7782C5C}.Debug|Any CPU.Build.0 = Debug|Any CPU
		{C9484011-6D6C-4DBA-B40C-8E9DB7782C5C}.Release|Any CPU.ActiveCfg = Release|Any CPU
		{C9484011-6D6C-4DBA-B40C-8E9DB7782C5C}.Release|Any CPU.Build.0 = Release|Any CPU
		{0A6C2D3F-F19C-4E7D-AAA7-CFB5D74EE7FE}.Debug|Any CPU.ActiveCfg = Debug|Any CPU
		{0A6C2D3F-F19C-4E7D-AAA7-CFB5D74EE7FE}.Debug|Any CPU.Build.0 = Debug|Any CPU
		{0A6C2D3F-F19C-4E7D-AAA7-CFB5D74EE7FE}.Release|Any CPU.ActiveCfg = Release|Any CPU
		{0A6C2D3F-F19C-4E7D-AAA7-CFB5D74EE7FE}.Release|Any CPU.Build.0 = Release|Any CPU
	EndGlobalSection
	GlobalSection(SolutionProperties) = preSolution
		HideSolutionNode = FALSE
	EndGlobalSection
	GlobalSection(NestedProjects) = preSolution
		{96880378-23A0-4C0A-AB3F-2B560C63694A} = {9007903D-BE17-4EFB-8B47-BFBE907412B0}
		{5C72F2FE-830A-4C63-8F08-2E6B996CE897} = {9007903D-BE17-4EFB-8B47-BFBE907412B0}
		{8235FE53-7AC9-4392-9C59-F6776BABB5B5} = {9007903D-BE17-4EFB-8B47-BFBE907412B0}
		{5BBD4E7D-C249-4177-ABC2-FA0E3D67475A} = {9007903D-BE17-4EFB-8B47-BFBE907412B0}
		{1881CDFF-1805-4B8F-A1CD-20B8BD719ED6} = {9007903D-BE17-4EFB-8B47-BFBE907412B0}
		{F81E06DC-E838-49B4-B893-7F4BCA107EA4} = {1881CDFF-1805-4B8F-A1CD-20B8BD719ED6}
		{80CA77C7-5DC4-498F-8C2F-11336DEFCB04} = {96880378-23A0-4C0A-AB3F-2B560C63694A}
		{736D1DFD-2FE4-44BF-951B-DE50916C1E01} = {96880378-23A0-4C0A-AB3F-2B560C63694A}
		{26E7B06C-8EBF-4C66-B015-CB1331D2AAE2} = {5BBD4E7D-C249-4177-ABC2-FA0E3D67475A}
		{5DBEE978-837A-4062-A54E-27EAA5FB3601} = {5C72F2FE-830A-4C63-8F08-2E6B996CE897}
		{C9484011-6D6C-4DBA-B40C-8E9DB7782C5C} = {8235FE53-7AC9-4392-9C59-F6776BABB5B5}
		{0A6C2D3F-F19C-4E7D-AAA7-CFB5D74EE7FE} = {8235FE53-7AC9-4392-9C59-F6776BABB5B5}
	EndGlobalSection
	GlobalSection(ExtensibilityGlobals) = postSolution
		SolutionGuid = {B0F71262-9D04-4598-96DB-94BB6B6E1D5F}
	EndGlobalSection
EndGlobal
